{
  "name": "scroll_effect",
  "lockfileVersion": 3,
  "requires": true,
  "packages": {
    "": {
      "devDependencies": {
        "@iconify-json/mdi": "^1.1.53"
      }
    },
    "node_modules/@iconify-json/mdi": {
      "version": "1.1.53",
      "resolved": "https://registry.npmjs.org/@iconify-json/mdi/-/mdi-1.1.53.tgz",
      "integrity": "sha512-qG72Tc9Bd4w7fha+kMEySVTbH4Obgb9xA1mQl+WReFhtZ3PjcVpIWLgZGTewuIfZY8RAbd8zfAqhZ7qEYZWrhg==",
      "dev": true,
      "dependencies": {
        "@iconify/types": "*"
      }
    },
    "node_modules/@iconify/types": {
      "version": "2.0.0",
      "resolved": "https://registry.npmjs.org/@iconify/types/-/types-2.0.0.tgz",
      "integrity": "sha512-+wluvCrRhXrhyOmRDJ3q8mux9JkKy5SJ/v8ol2tu4FVjyYvtEzkc/3pK15ET6RKg4b4w4BmTk1+gsCUhf21Ykg==",
      "dev": true
    }
  }
}
